// !$*UTF8*$!
{
	archiveVersion = 1;
	classes = {
	};
	objectVersion = 46;
	objects = {

/* Begin PBXBuildFile section */
		2E3BA46F1CBF9DFC001FBDF8 /* AppDelegate.swift in Sources */ = {isa = PBXBuildFile; fileRef = 2E3BA46E1CBF9DFC001FBDF8 /* AppDelegate.swift */; };
		2E3BA4711CBF9DFC001FBDF8 /* ViewController.swift in Sources */ = {isa = PBXBuildFile; fileRef = 2E3BA4701CBF9DFC001FBDF8 /* ViewController.swift */; };
		2E3BA4741CBF9DFC001FBDF8 /* Main.storyboard in Resources */ = {isa = PBXBuildFile; fileRef = 2E3BA4721CBF9DFC001FBDF8 /* Main.storyboard */; };
		2E3BA4761CBF9DFC001FBDF8 /* Assets.xcassets in Resources */ = {isa = PBXBuildFile; fileRef = 2E3BA4751CBF9DFC001FBDF8 /* Assets.xcassets */; };
		2E3BA4791CBF9DFC001FBDF8 /* LaunchScreen.storyboard in Resources */ = {isa = PBXBuildFile; fileRef = 2E3BA4771CBF9DFC001FBDF8 /* LaunchScreen.storyboard */; };
		2E96CBED1CF6A53200F8AE6A /* TableViewCell.swift in Sources */ = {isa = PBXBuildFile; fileRef = 2E96CBEB1CF6A53200F8AE6A /* TableViewCell.swift */; };
		2E96CBEE1CF6A53200F8AE6A /* TableViewCell.xib in Resources */ = {isa = PBXBuildFile; fileRef = 2E96CBEC1CF6A53200F8AE6A /* TableViewCell.xib */; };
		2EA85FC61CFC2DE200600883 /* testView.swift in Sources */ = {isa = PBXBuildFile; fileRef = 2EA85FC51CFC2DE200600883 /* testView.swift */; };
		2EA85FC81CFC2E1100600883 /* testView.xib in Resources */ = {isa = PBXBuildFile; fileRef = 2EA85FC71CFC2E1100600883 /* testView.xib */; };
		2EA85FCA1CFC3BFC00600883 /* BaseView.swift in Sources */ = {isa = PBXBuildFile; fileRef = 2EA85FC91CFC3BFC00600883 /* BaseView.swift */; };
		2EA85FE31CFD869900600883 /* LightWeightPlist.swift in Sources */ = {isa = PBXBuildFile; fileRef = 2EA85FE21CFD869900600883 /* LightWeightPlist.swift */; };
/* End PBXBuildFile section */

/* Begin PBXFileReference section */
		2E3BA46B1CBF9DFC001FBDF8 /* textSwift.app */ = {isa = PBXFileReference; explicitFileType = wrapper.application; includeInIndex = 0; path = textSwift.app; sourceTree = BUILT_PRODUCTS_DIR; };
		2E3BA46E1CBF9DFC001FBDF8 /* AppDelegate.swift */ = {isa = PBXFileReference; lastKnownFileType = sourcecode.swift; path = AppDelegate.swift; sourceTree = "<group>"; };
		2E3BA4701CBF9DFC001FBDF8 /* ViewController.swift */ = {isa = PBXFileReference; lastKnownFileType = sourcecode.swift; path = ViewController.swift; sourceTree = "<group>"; };
		2E3BA4731CBF9DFC001FBDF8 /* Base */ = {isa = PBXFileReference; lastKnownFileType = file.storyboard; name = Base; path = Base.lproj/Main.storyboard; sourceTree = "<group>"; };
		2E3BA4751CBF9DFC001FBDF8 /* Assets.xcassets */ = {isa = PBXFileReference; lastKnownFileType = folder.assetcatalog; path = Assets.xcassets; sourceTree = "<group>"; };
		2E3BA4781CBF9DFC001FBDF8 /* Base */ = {isa = PBXFileReference; lastKnownFileType = file.storyboard; name = Base; path = Base.lproj/LaunchScreen.storyboard; sourceTree = "<group>"; };
		2E3BA47A1CBF9DFC001FBDF8 /* Info.plist */ = {isa = PBXFileReference; lastKnownFileType = text.plist.xml; path = Info.plist; sourceTree = "<group>"; };
		2E96CBE51CF6A4EA00F8AE6A /* textSwift-Bridging-Header.h */ = {isa = PBXFileReference; lastKnownFileType = sourcecode.c.h; path = "textSwift-Bridging-Header.h"; sourceTree = "<group>"; };
		2E96CBEB1CF6A53200F8AE6A /* TableViewCell.swift */ = {isa = PBXFileReference; fileEncoding = 4; lastKnownFileType = sourcecode.swift; path = TableViewCell.swift; sourceTree = "<group>"; };
		2E96CBEC1CF6A53200F8AE6A /* TableViewCell.xib */ = {isa = PBXFileReference; fileEncoding = 4; lastKnownFileType = file.xib; path = TableViewCell.xib; sourceTree = "<group>"; };
		2EA85FC51CFC2DE200600883 /* testView.swift */ = {isa = PBXFileReference; fileEncoding = 4; lastKnownFileType = sourcecode.swift; path = testView.swift; sourceTree = "<group>"; };
		2EA85FC71CFC2E1100600883 /* testView.xib */ = {isa = PBXFileReference; fileEncoding = 4; lastKnownFileType = file.xib; path = testView.xib; sourceTree = "<group>"; };
		2EA85FC91CFC3BFC00600883 /* BaseView.swift */ = {isa = PBXFileReference; fileEncoding = 4; lastKnownFileType = sourcecode.swift; path = BaseView.swift; sourceTree = "<group>"; };
		2EA85FE21CFD869900600883 /* LightWeightPlist.swift */ = {isa = PBXFileReference; fileEncoding = 4; lastKnownFileType = sourcecode.swift; path = LightWeightPlist.swift; sourceTree = "<group>"; };
/* End PBXFileReference section */

/* Begin PBXFrameworksBuildPhase section */
		2E3BA4681CBF9DFC001FBDF8 /* Frameworks */ = {
			isa = PBXFrameworksBuildPhase;
			buildActionMask = 2147483647;
			files = (
			);
			runOnlyForDeploymentPostprocessing = 0;
		};
/* End PBXFrameworksBuildPhase section */

/* Begin PBXGroup section */
		2E3BA4621CBF9DFC001FBDF8 = {
			isa = PBXGroup;
			children = (
				2EA85FE11CFD867700600883 /* LightWeightPlist */,
				2E3BA46D1CBF9DFC001FBDF8 /* textSwift */,
				2E3BA46C1CBF9DFC001FBDF8 /* Products */,
			);
			sourceTree = "<group>";
		};
		2E3BA46C1CBF9DFC001FBDF8 /* Products */ = {
			isa = PBXGroup;
			children = (
				2E3BA46B1CBF9DFC001FBDF8 /* textSwift.app */,
			);
			name = Products;
			sourceTree = "<group>";
		};
		2E3BA46D1CBF9DFC001FBDF8 /* textSwift */ = {
			isa = PBXGroup;
			children = (
				2E3BA46E1CBF9DFC001FBDF8 /* AppDelegate.swift */,
				2EA85FCE1CFC3FB100600883 /* Common */,
				2EA85FCB1CFC3F7B00600883 /* ViewController */,
				2EA85FCC1CFC3F8700600883 /* TableViewCell */,
				2EA85FCD1CFC3FA000600883 /* testView */,
				2E3BA4721CBF9DFC001FBDF8 /* Main.storyboard */,
				2E3BA4751CBF9DFC001FBDF8 /* Assets.xcassets */,
				2E3BA4771CBF9DFC001FBDF8 /* LaunchScreen.storyboard */,
				2E3BA47A1CBF9DFC001FBDF8 /* Info.plist */,
				2E96CBE51CF6A4EA00F8AE6A /* textSwift-Bridging-Header.h */,
			);
			path = textSwift;
			sourceTree = "<group>";
		};
		2EA85FCB1CFC3F7B00600883 /* ViewController */ = {
			isa = PBXGroup;
			children = (
				2E3BA4701CBF9DFC001FBDF8 /* ViewController.swift */,
			);
			name = ViewController;
			sourceTree = "<group>";
		};
		2EA85FCC1CFC3F8700600883 /* TableViewCell */ = {
			isa = PBXGroup;
			children = (
				2E96CBEB1CF6A53200F8AE6A /* TableViewCell.swift */,
				2E96CBEC1CF6A53200F8AE6A /* TableViewCell.xib */,
			);
			name = TableViewCell;
			sourceTree = "<group>";
		};
		2EA85FCD1CFC3FA000600883 /* testView */ = {
			isa = PBXGroup;
			children = (
				2EA85FC51CFC2DE200600883 /* testView.swift */,
				2EA85FC71CFC2E1100600883 /* testView.xib */,
			);
			name = testView;
			sourceTree = "<group>";
		};
		2EA85FCE1CFC3FB100600883 /* Common */ = {
			isa = PBXGroup;
			children = (
				2EA85FC91CFC3BFC00600883 /* BaseView.swift */,
			);
			name = Common;
			sourceTree = "<group>";
		};
		2EA85FE11CFD867700600883 /* LightWeightPlist */ = {
			isa = PBXGroup;
			children = (
				2EA85FE21CFD869900600883 /* LightWeightPlist.swift */,
			);
			name = LightWeightPlist;
			sourceTree = "<group>";
		};
/* End PBXGroup section */

/* Begin PBXNativeTarget section */
		2E3BA46A1CBF9DFC001FBDF8 /* textSwift */ = {
			isa = PBXNativeTarget;
			buildConfigurationList = 2E3BA47D1CBF9DFC001FBDF8 /* Build configuration list for PBXNativeTarget "textSwift" */;
			buildPhases = (
				2E3BA4671CBF9DFC001FBDF8 /* Sources */,
				2E3BA4681CBF9DFC001FBDF8 /* Frameworks */,
				2E3BA4691CBF9DFC001FBDF8 /* Resources */,
			);
			buildRules = (
			);
			dependencies = (
			);
			name = textSwift;
			productName = textSwift;
			productReference = 2E3BA46B1CBF9DFC001FBDF8 /* textSwift.app */;
			productType = "com.apple.product-type.application";
		};
/* End PBXNativeTarget section */

/* Begin PBXProject section */
		2E3BA4631CBF9DFC001FBDF8 /* Project object */ = {
			isa = PBXProject;
			attributes = {
				LastSwiftUpdateCheck = 0730;
				LastUpgradeCheck = 0730;
				ORGANIZATIONNAME = AllenShiu;
				TargetAttributes = {
					2E3BA46A1CBF9DFC001FBDF8 = {
						CreatedOnToolsVersion = 7.3;
					};
				};
			};
			buildConfigurationList = 2E3BA4661CBF9DFC001FBDF8 /* Build configuration list for PBXProject "textSwift" */;
			compatibilityVersion = "Xcode 3.2";
			developmentRegion = English;
			hasScannedForEncodings = 0;
			knownRegions = (
				en,
				Base,
			);
			mainGroup = 2E3BA4621CBF9DFC001FBDF8;
			productRefGroup = 2E3BA46C1CBF9DFC001FBDF8 /* Products */;
			projectDirPath = "";
			projectRoot = "";
			targets = (
				2E3BA46A1CBF9DFC001FBDF8 /* textSwift */,
			);
		};
/* End PBXProject section */

/* Begin PBXResourcesBuildPhase section */
		2E3BA4691CBF9DFC001FBDF8 /* Resources */ = {
			isa = PBXResourcesBuildPhase;
			buildActionMask = 2147483647;
			files = (
				2E3BA4791CBF9DFC001FBDF8 /* LaunchScreen.storyboard in Resources */,
				2E96CBEE1CF6A53200F8AE6A /* TableViewCell.xib in Resources */,
				2E3BA4761CBF9DFC001FBDF8 /* Assets.xcassets in Resources */,
				2E3BA4741CBF9DFC001FBDF8 /* Main.storyboard in Resources */,
				2EA85FC81CFC2E1100600883 /* testView.xib in Resources */,
			);
			runOnlyForDeploymentPostprocessing = 0;
		};
/* End PBXResourcesBuildPhase section */

/* Begin PBXSourcesBuildPhase section */
		2E3BA4671CBF9DFC001FBDF8 /* Sources */ = {
			isa = PBXSourcesBuildPhase;
			buildActionMask = 2147483647;
			files = (
				2EA85FC61CFC2DE200600883 /* testView.swift in Sources */,
				2E96CBED1CF6A53200F8AE6A /* TableViewCell.swift in Sources */,
				2EA85FCA1CFC3BFC00600883 /* BaseView.swift in Sources */,
				2EA85FE31CFD869900600883 /* LightWeightPlist.swift in Sources */,
				2E3BA4711CBF9DFC001FBDF8 /* ViewController.swift in Sources */,
				2E3BA46F1CBF9DFC001FBDF8 /* AppDelegate.swift in Sources */,
			);
			runOnlyForDeploymentPostprocessing = 0;
		};
/* End PBXSourcesBuildPhase section */

/* Begin PBXVariantGroup section */
		2E3BA4721CBF9DFC001FBDF8 /* Main.storyboard */ = {
			isa = PBXVariantGroup;
			children = (
				2E3BA4731CBF9DFC001FBDF8 /* Base */,
			);
			name = Main.storyboard;
			sourceTree = "<group>";
		};
		2E3BA4771CBF9DFC001FBDF8 /* LaunchScreen.storyboard */ = {
			isa = PBXVariantGroup;
			children = (
				2E3BA4781CBF9DFC001FBDF8 /* Base */,
			);
			name = LaunchScreen.storyboard;
			sourceTree = "<group>";
		};
/* End PBXVariantGroup section */

/* Begin XCBuildConfiguration section */
		2E3BA47B1CBF9DFC001FBDF8 /* Debug */ = {
			isa = XCBuildConfiguration;
			buildSettings = {
				ALWAYS_SEARCH_USER_PATHS = NO;
				CLANG_ANALYZER_NONNULL = YES;
				CLANG_CXX_LANGUAGE_STANDARD = "gnu++0x";
				CLANG_CXX_LIBRARY = "libc++";
				CLANG_ENABLE_MODULES = YES;
				CLANG_ENABLE_OBJC_ARC = YES;
				CLANG_WARN_BOOL_CONVERSION = YES;
				CLANG_WARN_CONSTANT_CONVERSION = YES;
				CLANG_WARN_DIRECT_OBJC_ISA_USAGE = YES_ERROR;
				CLANG_WARN_EMPTY_BODY = YES;
				CLANG_WARN_ENUM_CONVERSION = YES;
				CLANG_WARN_INT_CONVERSION = YES;
				CLANG_WARN_OBJC_ROOT_CLASS = YES_ERROR;
				CLANG_WARN_UNREACHABLE_CODE = YES;
				CLANG_WARN__DUPLICATE_METHOD_MATCH = YES;
				"CODE_SIGN_IDENTITY[sdk=iphoneos*]" = "iPhone Developer";
				COPY_PHASE_STRIP = NO;
				DEBUG_INFORMATION_FORMAT = dwarf;
				ENABLE_STRICT_OBJC_MSGSEND = YES;
				ENABLE_TESTABILITY = YES;
				GCC_C_LANGUAGE_STANDARD = gnu99;
				GCC_DYNAMIC_NO_PIC = NO;
				GCC_NO_COMMON_BLOCKS = YES;
				GCC_OPTIMIZATION_LEVEL = 0;
				GCC_PREPROCESSOR_DEFINITIONS = (
					"DEBUG=1",
					"$(inherited)",
				);
				GCC_WARN_64_TO_32_BIT_CONVERSION = YES;
				GCC_WARN_ABOUT_RETURN_TYPE = YES_ERROR;
				GCC_WARN_UNDECLARED_SELECTOR = YES;
				GCC_WARN_UNINITIALIZED_AUTOS = YES_AGGRESSIVE;
				GCC_WARN_UNUSED_FUNCTION = YES;
				GCC_WARN_UNUSED_VARIABLE = YES;
				IPHONEOS_DEPLOYMENT_TARGET = 9.3;
				MTL_ENABLE_DEBUG_INFO = YES;
				ONLY_ACTIVE_ARCH = YES;
				SDKROOT = iphoneos;
				SWIFT_OPTIMIZATION_LEVEL = "-Onone";
			};
			name = Debug;
		};
		2E3BA47C1CBF9DFC001FBDF8 /* Release */ = {
			isa = XCBuildConfiguration;
			buildSettings = {
				ALWAYS_SEARCH_USER_PATHS = NO;
				CLANG_ANALYZER_NONNULL = YES;
				CLANG_CXX_LANGUAGE_STANDARD = "gnu++0x";
				CLANG_CXX_LIBRARY = "libc++";
				CLANG_ENABLE_MODULES = YES;
				CLANG_ENABLE_OBJC_ARC = YES;
				CLANG_WARN_BOOL_CONVERSION = YES;
				CLANG_WARN_CONSTANT_CONVERSION = YES;
				CLANG_WARN_DIRECT_OBJC_ISA_USAGE = YES_ERROR;
				CLANG_WARN_EMPTY_BODY = YES;
				CLANG_WARN_ENUM_CONVERSION = YES;
				CLANG_WARN_INT_CONVERSION = YES;
				CLANG_WARN_OBJC_ROOT_CLASS = YES_ERROR;
				CLANG_WARN_UNREACHABLE_CODE = YES;
				CLANG_WARN__DUPLICATE_METHOD_MATCH = YES;
				"CODE_SIGN_IDENTITY[sdk=iphoneos*]" = "iPhone Developer";
				COPY_PHASE_STRIP = NO;
				DEBUG_INFORMATION_FORMAT = "dwarf-with-dsym";
				ENABLE_NS_ASSERTIONS = NO;
				ENABLE_STRICT_OBJC_MSGSEND = YES;
				GCC_C_LANGUAGE_STANDARD = gnu99;
				GCC_NO_COMMON_BLOCKS = YES;
				GCC_WARN_64_TO_32_BIT_CONVERSION = YES;
				GCC_WARN_ABOUT_RETURN_TYPE = YES_ERROR;
				GCC_WARN_UNDECLARED_SELECTOR = YES;
				GCC_WARN_UNINITIALIZED_AUTOS = YES_AGGRESSIVE;
				GCC_WARN_UNUSED_FUNCTION = YES;
				GCC_WARN_UNUSED_VARIABLE = YES;
				IPHONEOS_DEPLOYMENT_TARGET = 9.3;
				MTL_ENABLE_DEBUG_INFO = NO;
				SDKROOT = iphoneos;
				VALIDATE_PRODUCT = YES;
			};
			name = Release;
		};
		2E3BA47E1CBF9DFC001FBDF8 /* Debug */ = {
			isa = XCBuildConfiguration;
			buildSettings = {
				ASSETCATALOG_COMPILER_APPICON_NAME = AppIcon;
				CLANG_ENABLE_MODULES = YES;
				INFOPLIST_FILE = textSwift/Info.plist;
				LD_RUNPATH_SEARCH_PATHS = "$(inherited) @executable_path/Frameworks";
				PRODUCT_BUNDLE_IDENTIFIER = com.ufiSpace.textSwift;
				PRODUCT_NAME = "$(TARGET_NAME)";
				SWIFT_OBJC_BRIDGING_HEADER = "textSwift/textSwift-Bridging-Header.h";
				SWIFT_OPTIMIZATION_LEVEL = "-Onone";
			};
			name = Debug;
		};
		2E3BA47F1CBF9DFC001FBDF8 /* Release */ = {
			isa = XCBuildConfiguration;
			buildSettings = {
				ASSETCATALOG_COMPILER_APPICON_NAME = AppIcon;
				CLANG_ENABLE_MODULES = YES;
				INFOPLIST_FILE = textSwift/Info.plist;
				LD_RUNPATH_SEARCH_PATHS = "$(inherited) @executable_path/Frameworks";
				PRODUCT_BUNDLE_IDENTIFIER = com.ufiSpace.textSwift;
				PRODUCT_NAME = "$(TARGET_NAME)";
				SWIFT_OBJC_BRIDGING_HEADER = "textSwift/textSwift-Bridging-Header.h";
			};
			name = Release;
		};
/* End XCBuildConfiguration section */

/* Begin XCConfigurationList section */
		2E3BA4661CBF9DFC001FBDF8 /* Build configuration list for PBXProject "textSwift" */ = {
			isa = XCConfigurationList;
			buildConfigurations = (
				2E3BA47B1CBF9DFC001FBDF8 /* Debug */,
				2E3BA47C1CBF9DFC001FBDF8 /* Release */,
			);
			defaultConfigurationIsVisible = 0;
			defaultConfigurationName = Release;
		};
		2E3BA47D1CBF9DFC001FBDF8 /* Build configuration list for PBXNativeTarget "textSwift" */ = {
			isa = XCConfigurationList;
			buildConfigurations = (
				2E3BA47E1CBF9DFC001FBDF8 /* Debug */,
				2E3BA47F1CBF9DFC001FBDF8 /* Release */,
			);
			defaultConfigurationIsVisible = 0;
			defaultConfigurationName = Release;
		};
/* End XCConfigurationList section */
	};
	rootObject = 2E3BA4631CBF9DFC001FBDF8 /* Project object */;
}
